{
  "name": "use-copy-clipboard-hook",
  "version": "1.1.0",
  "lockfileVersion": 2,
  "requires": true,
  "packages": {
    "": {
      "name": "use-copy-clipboard-hook",
      "version": "1.0.0",
      "license": "ISC",
      "peerDependencies": {
        "react": "^18.2.0",
        "react-dom": "^18.2.0"
      }
    }
  }
}